
Microsoft Visual Studio Solution File, Format Version 12.00
# Visual Studio Version 17
VisualStudioVersion = 17.2.32616.157
MinimumVisualStudioVersion = 10.0.40219.1
Project("{FAE04EC0-301F-11D3-BF4B-00C04F79EFBC}") = "Login_FORM application", "Login_FORM application\Login_FORM application.csproj", "{C66C682F-4A07-4A26-B60B-E0491A500007}"
EndProject
Global
	GlobalSection(SolutionConfigurationPlatforms) = preSolution
		Debug|Any CPU = Debug|Any CPU
		Release|Any CPU = Release|Any CPU
	EndGlobalSection
	GlobalSection(ProjectConfigurationPlatforms) = postSolution
		{C66C682F-4A07-4A26-B60B-E0491A500007}.Debug|Any CPU.ActiveCfg = Debug|Any CPU
		{C66C682F-4A07-4A26-B60B-E0491A500007}.Debug|Any CPU.Build.0 = Debug|Any CPU
		{C66C682F-4A07-4A26-B60B-E0491A500007}.Release|Any CPU.ActiveCfg = Release|Any CPU
		{C66C682F-4A07-4A26-B60B-E0491A500007}.Release|Any CPU.Build.0 = Release|Any CPU
	EndGlobalSection
	GlobalSection(SolutionProperties) = preSolution
		HideSolutionNode = FALSE
	EndGlobalSection
	GlobalSection(ExtensibilityGlobals) = postSolution
		SolutionGuid = {702D2F3B-89EC-4763-82F3-B11D4BA76F0E}
	EndGlobalSection
EndGlobal
